// !$*UTF8*$!
{
	archiveVersion = 1;
	classes = {
	};
	objectVersion = 77;
	objects = {

/* Begin PBXBuildFile section */
		E7C7AA222F2E11DB006BA7FA /* Kingfisher in Frameworks */ = {isa = PBXBuildFile; productRef = E7C7AA212F2E11DB006BA7FA /* Kingfisher */; };
		E7C7AA582F2E14DD006BA7FA /* FirebaseAuth in Frameworks */ = {isa = PBXBuildFile; productRef = E7C7AA572F2E14DD006BA7FA /* FirebaseAuth */; };
		E7C7AA5A2F2E14E4006BA7FA /* FirebaseCore in Frameworks */ = {isa = PBXBuildFile; productRef = E7C7AA592F2E14E4006BA7FA /* FirebaseCore */; };
		E7C7AA5C2F2E14F1006BA7FA /* FirebaseFirestore in Frameworks */ = {isa = PBXBuildFile; productRef = E7C7AA5B2F2E14F1006BA7FA /* FirebaseFirestore */; };
		E7C7AA5E2F2E14F6006BA7FA /* FirebaseMessaging in Frameworks */ = {isa = PBXBuildFile; productRef = E7C7AA5D2F2E14F6006BA7FA /* FirebaseMessaging */; };
		E7C7AA602F2E14FB006BA7FA /* FirebaseStorage in Frameworks */ = {isa = PBXBuildFile; productRef = E7C7AA5F2F2E14FB006BA7FA /* FirebaseStorage */; };
/* End PBXBuildFile section */

/* Begin PBXFileReference section */
		E7C7A9DE2F2E0F44006BA7FA /* Couply.app */ = {isa = PBXFileReference; explicitFileType = wrapper.application; includeInIndex = 0; path = Couply.app; sourceTree = BUILT_PRODUCTS_DIR; };
/* End PBXFileReference section */

/* Begin PBXFileSystemSynchronizedRootGroup section */
		E7C7A9E02F2E0F44006BA7FA /* Couply */ = {
			isa = PBXFileSystemSynchronizedRootGroup;
			path = Couply;
			sourceTree = "<group>";
		};
/* End PBXFileSystemSynchronizedRootGroup section */

/* Begin PBXFrameworksBuildPhase section */
		E7C7A9DB2F2E0F44006BA7FA /* Frameworks */ = {
			isa = PBXFrameworksBuildPhase;
			buildActionMask = 2147483647;
			files = (
				E7C7AA222F2E11DB006BA7FA /* Kingfisher in Frameworks */,
				E7C7AA5C2F2E14F1006BA7FA /* FirebaseFirestore in Frameworks */,
				E7C7AA5E2F2E14F6006BA7FA /* FirebaseMessaging in Frameworks */,
				E7C7AA5A2F2E14E4006BA7FA /* FirebaseCore in Frameworks */,
				E7C7AA582F2E14DD006BA7FA /* FirebaseAuth in Frameworks */,
				E7C7AA602F2E14FB006BA7FA /* FirebaseStorage in Frameworks */,
			);
			runOnlyForDeploymentPostprocessing = 0;
		};
/* End PBXFrameworksBuildPhase section */

/* Begin PBXGroup section */
		E7C7A9D52F2E0F44006BA7FA = {
			isa = PBXGroup;
			children = (
				E7C7A9E02F2E0F44006BA7FA /* Couply */,
				E7C7AA562F2E14DD006BA7FA /* Frameworks */,
				E7C7A9DF2F2E0F44006BA7FA /* Products */,
			);
			sourceTree = "<group>";
		};
		E7C7A9DF2F2E0F44006BA7FA /* Products */ = {
			isa = PBXGroup;
			children = (
				E7C7A9DE2F2E0F44006BA7FA /* Couply.app */,
			);
			name = Products;
			sourceTree = "<group>";
		};
		E7C7AA562F2E14DD006BA7FA /* Frameworks */ = {
			isa = PBXGroup;
			children = (
			);
			name = Frameworks;
			sourceTree = "<group>";
		};
/* End PBXGroup section */

/* Begin PBXNativeTarget section */
		E7C7A9DD2F2E0F44006BA7FA /* Couply */ = {
			isa = PBXNativeTarget;
			buildConfigurationList = E7C7A9E92F2E0F46006BA7FA /* Build configuration list for PBXNativeTarget "Couply" */;
			buildPhases = (
				E7C7A9DA2F2E0F44006BA7FA /* Sources */,
				E7C7A9DB2F2E0F44006BA7FA /* Frameworks */,
				E7C7A9DC2F2E0F44006BA7FA /* Resources */,
			);
			buildRules = (
			);
			dependencies = (
			);
			fileSystemSynchronizedGroups = (
				E7C7A9E02F2E0F44006BA7FA /* Couply */,
			);
			name = Couply;
			packageProductDependencies = (
				E7C7AA212F2E11DB006BA7FA /* Kingfisher */,
				E7C7AA572F2E14DD006BA7FA /* FirebaseAuth */,
				E7C7AA592F2E14E4006BA7FA /* FirebaseCore */,
				E7C7AA5B2F2E14F1006BA7FA /* FirebaseFirestore */,
				E7C7AA5D2F2E14F6006BA7FA /* FirebaseMessaging */,
				E7C7AA5F2F2E14FB006BA7FA /* FirebaseStorage */,
			);
			productName = Couply;
			productReference = E7C7A9DE2F2E0F44006BA7FA /* Couply.app */;
			productType = "com.apple.product-type.application";
		};
/* End PBXNativeTarget section */

/* Begin PBXProject section */
		E7C7A9D62F2E0F44006BA7FA /* Project object */ = {
			isa = PBXProject;
			attributes = {
				BuildIndependentTargetsInParallel = 1;
				LastSwiftUpdateCheck = 2620;
				LastUpgradeCheck = 2620;
				TargetAttributes = {
					E7C7A9DD2F2E0F44006BA7FA = {
						CreatedOnToolsVersion = 26.2;
					};
				};
			};
			buildConfigurationList = E7C7A9D92F2E0F44006BA7FA /* Build configuration list for PBXProject "Couply" */;
			developmentRegion = en;
			hasScannedForEncodings = 0;
			knownRegions = (
				en,
				Base,
			);
			mainGroup = E7C7A9D52F2E0F44006BA7FA;
			minimizedProjectReferenceProxies = 1;
			packageReferences = (
				E7C7AA1F2F2E1177006BA7FA /* XCRemoteSwiftPackageReference "firebase-ios-sdk" */,
				E7C7AA202F2E11DB006BA7FA /* XCRemoteSwiftPackageReference "Kingfisher" */,
			);
			preferredProjectObjectVersion = 77;
			productRefGroup = E7C7A9DF2F2E0F44006BA7FA /* Products */;
			projectDirPath = "";
			projectRoot = "";
			targets = (
				E7C7A9DD2F2E0F44006BA7FA /* Couply */,
			);
		};
/* End PBXProject section */

/* Begin PBXResourcesBuildPhase section */
		E7C7A9DC2F2E0F44006BA7FA /* Resources */ = {
			isa = PBXResourcesBuildPhase;
			buildActionMask = 2147483647;
			files = (
			);
			runOnlyForDeploymentPostprocessing = 0;
		};
/* End PBXResourcesBuildPhase section */

/* Begin PBXSourcesBuildPhase section */
		E7C7A9DA2F2E0F44006BA7FA /* Sources */ = {
			isa = PBXSourcesBuildPhase;
			buildActionMask = 2147483647;
			files = (
			);
			runOnlyForDeploymentPostprocessing = 0;
		};
/* End PBXSourcesBuildPhase section */

/* Begin XCBuildConfiguration section */
		E7C7A9E72F2E0F46006BA7FA /* Debug */ = {
			isa = XCBuildConfiguration;
			buildSettings = {
				ALWAYS_SEARCH_USER_PATHS = NO;
				ASSETCATALOG_COMPILER_GENERATE_SWIFT_ASSET_SYMBOL_EXTENSIONS = YES;
				CLANG_ANALYZER_NONNULL = YES;
				CLANG_ANALYZER_NUMBER_OBJECT_CONVERSION = YES_AGGRESSIVE;
				CLANG_CXX_LANGUAGE_STANDARD = "gnu++20";
				CLANG_ENABLE_MODULES = YES;
				CLANG_ENABLE_OBJC_ARC = YES;
				CLANG_ENABLE_OBJC_WEAK = YES;
				CLANG_WARN_BLOCK_CAPTURE_AUTORELEASING = YES;
				CLANG_WARN_BOOL_CONVERSION = YES;
				CLANG_WARN_COMMA = YES;
				CLANG_WARN_CONSTANT_CONVERSION = YES;
				CLANG_WARN_DEPRECATED_OBJC_IMPLEMENTATIONS = YES;
				CLANG_WARN_DIRECT_OBJC_ISA_USAGE = YES_ERROR;
				CLANG_WARN_DOCUMENTATION_COMMENTS = YES;
				CLANG_WARN_EMPTY_BODY = YES;
				CLANG_WARN_ENUM_CONVERSION = YES;
				CLANG_WARN_INFINITE_RECURSION = YES;
				CLANG_WARN_INT_CONVERSION = YES;
				CLANG_WARN_NON_LITERAL_NULL_CONVERSION = YES;
				CLANG_WARN_OBJC_IMPLICIT_RETAIN_SELF = YES;
				CLANG_WARN_OBJC_LITERAL_CONVERSION = YES;
				CLANG_WARN_OBJC_ROOT_CLASS = YES_ERROR;
				CLANG_WARN_QUOTED_INCLUDE_IN_FRAMEWORK_HEADER = YES;
				CLANG_WARN_RANGE_LOOP_ANALYSIS = YES;
				CLANG_WARN_STRICT_PROTOTYPES = YES;
				CLANG_WARN_SUSPICIOUS_MOVE = YES;
				CLANG_WARN_UNGUARDED_AVAILABILITY = YES_AGGRESSIVE;
				CLANG_WARN_UNREACHABLE_CODE = YES;
				CLANG_WARN__DUPLICATE_METHOD_MATCH = YES;
				COPY_PHASE_STRIP = NO;
				DEBUG_INFORMATION_FORMAT = dwarf;
				ENABLE_STRICT_OBJC_MSGSEND = YES;
				ENABLE_TESTABILITY = YES;
				ENABLE_USER_SCRIPT_SANDBOXING = YES;
				GCC_C_LANGUAGE_STANDARD = gnu17;
				GCC_DYNAMIC_NO_PIC = NO;
				GCC_NO_COMMON_BLOCKS = YES;
				GCC_OPTIMIZATION_LEVEL = 0;
				GCC_PREPROCESSOR_DEFINITIONS = (
					"DEBUG=1",
					"$(inherited)",
				);
				GCC_WARN_64_TO_32_BIT_CONVERSION = YES;
				GCC_WARN_ABOUT_RETURN_TYPE = YES_ERROR;
				GCC_WARN_UNDECLARED_SELECTOR = YES;
				GCC_WARN_UNINITIALIZED_AUTOS = YES_AGGRESSIVE;
				GCC_WARN_UNUSED_FUNCTION = YES;
				GCC_WARN_UNUSED_VARIABLE = YES;
				IPHONEOS_DEPLOYMENT_TARGET = 26.2;
				LOCALIZATION_PREFERS_STRING_CATALOGS = YES;
				MTL_ENABLE_DEBUG_INFO = INCLUDE_SOURCE;
				MTL_FAST_MATH = YES;
				ONLY_ACTIVE_ARCH = YES;
				SDKROOT = iphoneos;
				SWIFT_ACTIVE_COMPILATION_CONDITIONS = "DEBUG $(inherited)";
				SWIFT_OPTIMIZATION_LEVEL = "-Onone";
			};
			name = Debug;
		};
		E7C7A9E82F2E0F46006BA7FA /* Release */ = {
			isa = XCBuildConfiguration;
			buildSettings = {
				ALWAYS_SEARCH_USER_PATHS = NO;
				ASSETCATALOG_COMPILER_GENERATE_SWIFT_ASSET_SYMBOL_EXTENSIONS = YES;
				CLANG_ANALYZER_NONNULL = YES;
				CLANG_ANALYZER_NUMBER_OBJECT_CONVERSION = YES_AGGRESSIVE;
				CLANG_CXX_LANGUAGE_STANDARD = "gnu++20";
				CLANG_ENABLE_MODULES = YES;
				CLANG_ENABLE_OBJC_ARC = YES;
				CLANG_ENABLE_OBJC_WEAK = YES;
				CLANG_WARN_BLOCK_CAPTURE_AUTORELEASING = YES;
				CLANG_WARN_BOOL_CONVERSION = YES;
				CLANG_WARN_COMMA = YES;
				CLANG_WARN_CONSTANT_CONVERSION = YES;
				CLANG_WARN_DEPRECATED_OBJC_IMPLEMENTATIONS = YES;
				CLANG_WARN_DIRECT_OBJC_ISA_USAGE = YES_ERROR;
				CLANG_WARN_DOCUMENTATION_COMMENTS = YES;
				CLANG_WARN_EMPTY_BODY = YES;
				CLANG_WARN_ENUM_CONVERSION = YES;
				CLANG_WARN_INFINITE_RECURSION = YES;
				CLANG_WARN_INT_CONVERSION = YES;
				CLANG_WARN_NON_LITERAL_NULL_CONVERSION = YES;
				CLANG_WARN_OBJC_IMPLICIT_RETAIN_SELF = YES;
				CLANG_WARN_OBJC_LITERAL_CONVERSION = YES;
				CLANG_WARN_OBJC_ROOT_CLASS = YES_ERROR;
				CLANG_WARN_QUOTED_INCLUDE_IN_FRAMEWORK_HEADER = YES;
				CLANG_WARN_RANGE_LOOP_ANALYSIS = YES;
				CLANG_WARN_STRICT_PROTOTYPES = YES;
				CLANG_WARN_SUSPICIOUS_MOVE = YES;
				CLANG_WARN_UNGUARDED_AVAILABILITY = YES_AGGRESSIVE;
				CLANG_WARN_UNREACHABLE_CODE = YES;
				CLANG_WARN__DUPLICATE_METHOD_MATCH = YES;
				COPY_PHASE_STRIP = NO;
				DEBUG_INFORMATION_FORMAT = "dwarf-with-dsym";
				ENABLE_NS_ASSERTIONS = NO;
				ENABLE_STRICT_OBJC_MSGSEND = YES;
				ENABLE_USER_SCRIPT_SANDBOXING = YES;
				GCC_C_LANGUAGE_STANDARD = gnu17;
				GCC_NO_COMMON_BLOCKS = YES;
				GCC_WARN_64_TO_32_BIT_CONVERSION = YES;
				GCC_WARN_ABOUT_RETURN_TYPE = YES_ERROR;
				GCC_WARN_UNDECLARED_SELECTOR = YES;
				GCC_WARN_UNINITIALIZED_AUTOS = YES_AGGRESSIVE;
				GCC_WARN_UNUSED_FUNCTION = YES;
				GCC_WARN_UNUSED_VARIABLE = YES;
				IPHONEOS_DEPLOYMENT_TARGET = 26.2;
				LOCALIZATION_PREFERS_STRING_CATALOGS = YES;
				MTL_ENABLE_DEBUG_INFO = NO;
				MTL_FAST_MATH = YES;
				SDKROOT = iphoneos;
				SWIFT_COMPILATION_MODE = wholemodule;
				VALIDATE_PRODUCT = YES;
			};
			name = Release;
		};
		E7C7A9EA2F2E0F46006BA7FA /* Debug */ = {
			isa = XCBuildConfiguration;
			buildSettings = {
				ASSETCATALOG_COMPILER_APPICON_NAME = AppIcon;
				ASSETCATALOG_COMPILER_GLOBAL_ACCENT_COLOR_NAME = AccentColor;
				CODE_SIGN_STYLE = Automatic;
				CURRENT_PROJECT_VERSION = 1;
				ENABLE_PREVIEWS = YES;
				GENERATE_INFOPLIST_FILE = YES;
				INFOPLIST_KEY_NSCameraUsageDescription = "Couply needs camera access to capture photos to share with your partner";
				INFOPLIST_KEY_NSMicrophoneUsageDescription = "Couply needs microphone access to record voice messages";
				INFOPLIST_KEY_NSPhotoLibraryAddUsageDescription = "Couply needs permission to save photos to your library";
				INFOPLIST_KEY_NSPhotoLibraryUsageDescription = "Couply needs photo library access to select photos to share";
				INFOPLIST_KEY_UIApplicationSceneManifest_Generation = YES;
				INFOPLIST_KEY_UIApplicationSupportsIndirectInputEvents = YES;
				INFOPLIST_KEY_UILaunchScreen_Generation = YES;
				INFOPLIST_KEY_UISupportedInterfaceOrientations_iPad = "UIInterfaceOrientationPortrait UIInterfaceOrientationPortraitUpsideDown UIInterfaceOrientationLandscapeLeft UIInterfaceOrientationLandscapeRight";
				INFOPLIST_KEY_UISupportedInterfaceOrientations_iPhone = "UIInterfaceOrientationPortrait UIInterfaceOrientationLandscapeLeft UIInterfaceOrientationLandscapeRight";
				LD_RUNPATH_SEARCH_PATHS = (
					"$(inherited)",
					"@executable_path/Frameworks",
				);
				MARKETING_VERSION = 1.0;
				PRODUCT_BUNDLE_IDENTIFIER = com.couply.app.Couply;
				PRODUCT_NAME = "$(TARGET_NAME)";
				STRING_CATALOG_GENERATE_SYMBOLS = YES;
				SWIFT_APPROACHABLE_CONCURRENCY = YES;
				SWIFT_DEFAULT_ACTOR_ISOLATION = MainActor;
				SWIFT_EMIT_LOC_STRINGS = YES;
				SWIFT_UPCOMING_FEATURE_MEMBER_IMPORT_VISIBILITY = YES;
				SWIFT_VERSION = 5.0;
				TARGETED_DEVICE_FAMILY = "1,2";
			};
			name = Debug;
		};
		E7C7A9EB2F2E0F46006BA7FA /* Release */ = {
			isa = XCBuildConfiguration;
			buildSettings = {
				ASSETCATALOG_COMPILER_APPICON_NAME = AppIcon;
				ASSETCATALOG_COMPILER_GLOBAL_ACCENT_COLOR_NAME = AccentColor;
				CODE_SIGN_STYLE = Automatic;
				CURRENT_PROJECT_VERSION = 1;
				ENABLE_PREVIEWS = YES;
				GENERATE_INFOPLIST_FILE = YES;
				INFOPLIST_KEY_NSCameraUsageDescription = "Couply needs camera access to capture photos to share with your partner";
				INFOPLIST_KEY_NSMicrophoneUsageDescription = "Couply needs microphone access to record voice messages";
				INFOPLIST_KEY_NSPhotoLibraryAddUsageDescription = "Couply needs permission to save photos to your library";
				INFOPLIST_KEY_NSPhotoLibraryUsageDescription = "Couply needs photo library access to select photos to share";
				INFOPLIST_KEY_UIApplicationSceneManifest_Generation = YES;
				INFOPLIST_KEY_UIApplicationSupportsIndirectInputEvents = YES;
				INFOPLIST_KEY_UILaunchScreen_Generation = YES;
				INFOPLIST_KEY_UISupportedInterfaceOrientations_iPad = "UIInterfaceOrientationPortrait UIInterfaceOrientationPortraitUpsideDown UIInterfaceOrientationLandscapeLeft UIInterfaceOrientationLandscapeRight";
				INFOPLIST_KEY_UISupportedInterfaceOrientations_iPhone = "UIInterfaceOrientationPortrait UIInterfaceOrientationLandscapeLeft UIInterfaceOrientationLandscapeRight";
				LD_RUNPATH_SEARCH_PATHS = (
					"$(inherited)",
					"@executable_path/Frameworks",
				);
				MARKETING_VERSION = 1.0;
				PRODUCT_BUNDLE_IDENTIFIER = com.couply.app.Couply;
				PRODUCT_NAME = "$(TARGET_NAME)";
				STRING_CATALOG_GENERATE_SYMBOLS = YES;
				SWIFT_APPROACHABLE_CONCURRENCY = YES;
				SWIFT_DEFAULT_ACTOR_ISOLATION = MainActor;
				SWIFT_EMIT_LOC_STRINGS = YES;
				SWIFT_UPCOMING_FEATURE_MEMBER_IMPORT_VISIBILITY = YES;
				SWIFT_VERSION = 5.0;
				TARGETED_DEVICE_FAMILY = "1,2";
			};
			name = Release;
		};
/* End XCBuildConfiguration section */

/* Begin XCConfigurationList section */
		E7C7A9D92F2E0F44006BA7FA /* Build configuration list for PBXProject "Couply" */ = {
			isa = XCConfigurationList;
			buildConfigurations = (
				E7C7A9E72F2E0F46006BA7FA /* Debug */,
				E7C7A9E82F2E0F46006BA7FA /* Release */,
			);
			defaultConfigurationIsVisible = 0;
			defaultConfigurationName = Release;
		};
		E7C7A9E92F2E0F46006BA7FA /* Build configuration list for PBXNativeTarget "Couply" */ = {
			isa = XCConfigurationList;
			buildConfigurations = (
				E7C7A9EA2F2E0F46006BA7FA /* Debug */,
				E7C7A9EB2F2E0F46006BA7FA /* Release */,
			);
			defaultConfigurationIsVisible = 0;
			defaultConfigurationName = Release;
		};
/* End XCConfigurationList section */

/* Begin XCRemoteSwiftPackageReference section */
		E7C7AA1F2F2E1177006BA7FA /* XCRemoteSwiftPackageReference "firebase-ios-sdk" */ = {
			isa = XCRemoteSwiftPackageReference;
			repositoryURL = "https://github.com/firebase/firebase-ios-sdk";
			requirement = {
				kind = upToNextMajorVersion;
				minimumVersion = 12.8.0;
			};
		};
		E7C7AA202F2E11DB006BA7FA /* XCRemoteSwiftPackageReference "Kingfisher" */ = {
			isa = XCRemoteSwiftPackageReference;
			repositoryURL = "https://github.com/onevcat/Kingfisher";
			requirement = {
				kind = upToNextMajorVersion;
				minimumVersion = 8.6.2;
			};
		};
/* End XCRemoteSwiftPackageReference section */

/* Begin XCSwiftPackageProductDependency section */
		E7C7AA212F2E11DB006BA7FA /* Kingfisher */ = {
			isa = XCSwiftPackageProductDependency;
			package = E7C7AA202F2E11DB006BA7FA /* XCRemoteSwiftPackageReference "Kingfisher" */;
			productName = Kingfisher;
		};
		E7C7AA572F2E14DD006BA7FA /* FirebaseAuth */ = {
			isa = XCSwiftPackageProductDependency;
			package = E7C7AA1F2F2E1177006BA7FA /* XCRemoteSwiftPackageReference "firebase-ios-sdk" */;
			productName = FirebaseAuth;
		};
		E7C7AA592F2E14E4006BA7FA /* FirebaseCore */ = {
			isa = XCSwiftPackageProductDependency;
			package = E7C7AA1F2F2E1177006BA7FA /* XCRemoteSwiftPackageReference "firebase-ios-sdk" */;
			productName = FirebaseCore;
		};
		E7C7AA5B2F2E14F1006BA7FA /* FirebaseFirestore */ = {
			isa = XCSwiftPackageProductDependency;
			package = E7C7AA1F2F2E1177006BA7FA /* XCRemoteSwiftPackageReference "firebase-ios-sdk" */;
			productName = FirebaseFirestore;
		};
		E7C7AA5D2F2E14F6006BA7FA /* FirebaseMessaging */ = {
			isa = XCSwiftPackageProductDependency;
			package = E7C7AA1F2F2E1177006BA7FA /* XCRemoteSwiftPackageReference "firebase-ios-sdk" */;
			productName = FirebaseMessaging;
		};
		E7C7AA5F2F2E14FB006BA7FA /* FirebaseStorage */ = {
			isa = XCSwiftPackageProductDependency;
			package = E7C7AA1F2F2E1177006BA7FA /* XCRemoteSwiftPackageReference "firebase-ios-sdk" */;
			productName = FirebaseStorage;
		};
/* End XCSwiftPackageProductDependency section */
	};
	rootObject = E7C7A9D62F2E0F44006BA7FA /* Project object */;
}
